// !$*UTF8*$!
{
	archiveVersion = 1;
	classes = {
	};
	objectVersion = 46;
	objects = {

/* Begin PBXBuildFile section */
		211183CD1F2A2C36005E1384 /* NSObject+CCModel.m in Sources */ = {isa = PBXBuildFile; fileRef = 211183CC1F2A2C36005E1384 /* NSObject+CCModel.m */; };
		2134DB871F29EFB2007B96AE /* main.m in Sources */ = {isa = PBXBuildFile; fileRef = 2134DB861F29EFB2007B96AE /* main.m */; };
		2134DB8A1F29EFB2007B96AE /* AppDelegate.m in Sources */ = {isa = PBXBuildFile; fileRef = 2134DB891F29EFB2007B96AE /* AppDelegate.m */; };
		2134DB8D1F29EFB2007B96AE /* ViewController.m in Sources */ = {isa = PBXBuildFile; fileRef = 2134DB8C1F29EFB2007B96AE /* ViewController.m */; };
		2134DB901F29EFB2007B96AE /* Main.storyboard in Resources */ = {isa = PBXBuildFile; fileRef = 2134DB8E1F29EFB2007B96AE /* Main.storyboard */; };
		2134DB921F29EFB2007B96AE /* Assets.xcassets in Resources */ = {isa = PBXBuildFile; fileRef = 2134DB911F29EFB2007B96AE /* Assets.xcassets */; };
		2134DB951F29EFB2007B96AE /* LaunchScreen.storyboard in Resources */ = {isa = PBXBuildFile; fileRef = 2134DB931F29EFB2007B96AE /* LaunchScreen.storyboard */; };
		2134DBA01F29EFB2007B96AE /* CCModelTests.m in Sources */ = {isa = PBXBuildFile; fileRef = 2134DB9F1F29EFB2007B96AE /* CCModelTests.m */; };
		2134DBAB1F29EFB3007B96AE /* CCModelUITests.m in Sources */ = {isa = PBXBuildFile; fileRef = 2134DBAA1F29EFB3007B96AE /* CCModelUITests.m */; };
		2146E1661F57BCEB0000E736 /* Person.m in Sources */ = {isa = PBXBuildFile; fileRef = 2146E1651F57BCEB0000E736 /* Person.m */; };
		2146E1691F57BD570000E736 /* Dog.m in Sources */ = {isa = PBXBuildFile; fileRef = 2146E1681F57BD570000E736 /* Dog.m */; };
/* End PBXBuildFile section */

/* Begin PBXContainerItemProxy section */
		2134DB9C1F29EFB2007B96AE /* PBXContainerItemProxy */ = {
			isa = PBXContainerItemProxy;
			containerPortal = 2134DB7A1F29EFB2007B96AE /* Project object */;
			proxyType = 1;
			remoteGlobalIDString = 2134DB811F29EFB2007B96AE;
			remoteInfo = CCModel;
		};
		2134DBA71F29EFB2007B96AE /* PBXContainerItemProxy */ = {
			isa = PBXContainerItemProxy;
			containerPortal = 2134DB7A1F29EFB2007B96AE /* Project object */;
			proxyType = 1;
			remoteGlobalIDString = 2134DB811F29EFB2007B96AE;
			remoteInfo = CCModel;
		};
/* End PBXContainerItemProxy section */

/* Begin PBXFileReference section */
		211183CB1F2A2C36005E1384 /* NSObject+CCModel.h */ = {isa = PBXFileReference; fileEncoding = 4; lastKnownFileType = sourcecode.c.h; path = "NSObject+CCModel.h"; sourceTree = "<group>"; };
		211183CC1F2A2C36005E1384 /* NSObject+CCModel.m */ = {isa = PBXFileReference; fileEncoding = 4; lastKnownFileType = sourcecode.c.objc; path = "NSObject+CCModel.m"; sourceTree = "<group>"; };
		2134DB821F29EFB2007B96AE /* CCModel.app */ = {isa = PBXFileReference; explicitFileType = wrapper.application; includeInIndex = 0; path = CCModel.app; sourceTree = BUILT_PRODUCTS_DIR; };
		2134DB861F29EFB2007B96AE /* main.m */ = {isa = PBXFileReference; lastKnownFileType = sourcecode.c.objc; path = main.m; sourceTree = "<group>"; };
		2134DB881F29EFB2007B96AE /* AppDelegate.h */ = {isa = PBXFileReference; lastKnownFileType = sourcecode.c.h; path = AppDelegate.h; sourceTree = "<group>"; };
		2134DB891F29EFB2007B96AE /* AppDelegate.m */ = {isa = PBXFileReference; lastKnownFileType = sourcecode.c.objc; path = AppDelegate.m; sourceTree = "<group>"; };
		2134DB8B1F29EFB2007B96AE /* ViewController.h */ = {isa = PBXFileReference; lastKnownFileType = sourcecode.c.h; path = ViewController.h; sourceTree = "<group>"; };
		2134DB8C1F29EFB2007B96AE /* ViewController.m */ = {isa = PBXFileReference; lastKnownFileType = sourcecode.c.objc; path = ViewController.m; sourceTree = "<group>"; };
		2134DB8F1F29EFB2007B96AE /* Base */ = {isa = PBXFileReference; lastKnownFileType = file.storyboard; name = Base; path = Base.lproj/Main.storyboard; sourceTree = "<group>"; };
		2134DB911F29EFB2007B96AE /* Assets.xcassets */ = {isa = PBXFileReference; lastKnownFileType = folder.assetcatalog; path = Assets.xcassets; sourceTree = "<group>"; };
		2134DB941F29EFB2007B96AE /* Base */ = {isa = PBXFileReference; lastKnownFileType = file.storyboard; name = Base; path = Base.lproj/LaunchScreen.storyboard; sourceTree = "<group>"; };
		2134DB961F29EFB2007B96AE /* Info.plist */ = {isa = PBXFileReference; lastKnownFileType = text.plist.xml; path = Info.plist; sourceTree = "<group>"; };
		2134DB9B1F29EFB2007B96AE /* CCModelTests.xctest */ = {isa = PBXFileReference; explicitFileType = wrapper.cfbundle; includeInIndex = 0; path = CCModelTests.xctest; sourceTree = BUILT_PRODUCTS_DIR; };
		2134DB9F1F29EFB2007B96AE /* CCModelTests.m */ = {isa = PBXFileReference; lastKnownFileType = sourcecode.c.objc; path = CCModelTests.m; sourceTree = "<group>"; };
		2134DBA11F29EFB2007B96AE /* Info.plist */ = {isa = PBXFileReference; lastKnownFileType = text.plist.xml; path = Info.plist; sourceTree = "<group>"; };
		2134DBA61F29EFB2007B96AE /* CCModelUITests.xctest */ = {isa = PBXFileReference; explicitFileType = wrapper.cfbundle; includeInIndex = 0; path = CCModelUITests.xctest; sourceTree = BUILT_PRODUCTS_DIR; };
		2134DBAA1F29EFB3007B96AE /* CCModelUITests.m */ = {isa = PBXFileReference; lastKnownFileType = sourcecode.c.objc; path = CCModelUITests.m; sourceTree = "<group>"; };
		2134DBAC1F29EFB3007B96AE /* Info.plist */ = {isa = PBXFileReference; lastKnownFileType = text.plist.xml; path = Info.plist; sourceTree = "<group>"; };
		2146E1641F57BCEB0000E736 /* Person.h */ = {isa = PBXFileReference; fileEncoding = 4; lastKnownFileType = sourcecode.c.h; path = Person.h; sourceTree = "<group>"; };
		2146E1651F57BCEB0000E736 /* Person.m */ = {isa = PBXFileReference; fileEncoding = 4; lastKnownFileType = sourcecode.c.objc; path = Person.m; sourceTree = "<group>"; };
		2146E1671F57BD570000E736 /* Dog.h */ = {isa = PBXFileReference; fileEncoding = 4; lastKnownFileType = sourcecode.c.h; path = Dog.h; sourceTree = "<group>"; };
		2146E1681F57BD570000E736 /* Dog.m */ = {isa = PBXFileReference; fileEncoding = 4; lastKnownFileType = sourcecode.c.objc; path = Dog.m; sourceTree = "<group>"; };
/* End PBXFileReference section */

/* Begin PBXFrameworksBuildPhase section */
		2134DB7F1F29EFB2007B96AE /* Frameworks */ = {
			isa = PBXFrameworksBuildPhase;
			buildActionMask = 2147483647;
			files = (
			);
			runOnlyForDeploymentPostprocessing = 0;
		};
		2134DB981F29EFB2007B96AE /* Frameworks */ = {
			isa = PBXFrameworksBuildPhase;
			buildActionMask = 2147483647;
			files = (
			);
			runOnlyForDeploymentPostprocessing = 0;
		};
		2134DBA31F29EFB2007B96AE /* Frameworks */ = {
			isa = PBXFrameworksBuildPhase;
			buildActionMask = 2147483647;
			files = (
			);
			runOnlyForDeploymentPostprocessing = 0;
		};
/* End PBXFrameworksBuildPhase section */

/* Begin PBXGroup section */
		2134DB791F29EFB2007B96AE = {
			isa = PBXGroup;
			children = (
				2134DB841F29EFB2007B96AE /* CCModel */,
				2134DB9E1F29EFB2007B96AE /* CCModelTests */,
				2134DBA91F29EFB2007B96AE /* CCModelUITests */,
				2134DB831F29EFB2007B96AE /* Products */,
			);
			sourceTree = "<group>";
		};
		2134DB831F29EFB2007B96AE /* Products */ = {
			isa = PBXGroup;
			children = (
				2134DB821F29EFB2007B96AE /* CCModel.app */,
				2134DB9B1F29EFB2007B96AE /* CCModelTests.xctest */,
				2134DBA61F29EFB2007B96AE /* CCModelUITests.xctest */,
			);
			name = Products;
			sourceTree = "<group>";
		};
		2134DB841F29EFB2007B96AE /* CCModel */ = {
			isa = PBXGroup;
			children = (
				2134DB881F29EFB2007B96AE /* AppDelegate.h */,
				2134DB891F29EFB2007B96AE /* AppDelegate.m */,
				2134DB8B1F29EFB2007B96AE /* ViewController.h */,
				2134DB8C1F29EFB2007B96AE /* ViewController.m */,
				2146E1641F57BCEB0000E736 /* Person.h */,
				2146E1651F57BCEB0000E736 /* Person.m */,
				2146E1671F57BD570000E736 /* Dog.h */,
				2146E1681F57BD570000E736 /* Dog.m */,
				211183CB1F2A2C36005E1384 /* NSObject+CCModel.h */,
				211183CC1F2A2C36005E1384 /* NSObject+CCModel.m */,
				2134DB8E1F29EFB2007B96AE /* Main.storyboard */,
				2134DB911F29EFB2007B96AE /* Assets.xcassets */,
				2134DB931F29EFB2007B96AE /* LaunchScreen.storyboard */,
				2134DB961F29EFB2007B96AE /* Info.plist */,
				2134DB851F29EFB2007B96AE /* Supporting Files */,
			);
			path = CCModel;
			sourceTree = "<group>";
		};
		2134DB851F29EFB2007B96AE /* Supporting Files */ = {
			isa = PBXGroup;
			children = (
				2134DB861F29EFB2007B96AE /* main.m */,
			);
			name = "Supporting Files";
			sourceTree = "<group>";
		};
		2134DB9E1F29EFB2007B96AE /* CCModelTests */ = {
			isa = PBXGroup;
			children = (
				2134DB9F1F29EFB2007B96AE /* CCModelTests.m */,
				2134DBA11F29EFB2007B96AE /* Info.plist */,
			);
			path = CCModelTests;
			sourceTree = "<group>";
		};
		2134DBA91F29EFB2007B96AE /* CCModelUITests */ = {
			isa = PBXGroup;
			children = (
				2134DBAA1F29EFB3007B96AE /* CCModelUITests.m */,
				2134DBAC1F29EFB3007B96AE /* Info.plist */,
			);
			path = CCModelUITests;
			sourceTree = "<group>";
		};
/* End PBXGroup section */

/* Begin PBXNativeTarget section */
		2134DB811F29EFB2007B96AE /* CCModel */ = {
			isa = PBXNativeTarget;
			buildConfigurationList = 2134DBAF1F29EFB3007B96AE /* Build configuration list for PBXNativeTarget "CCModel" */;
			buildPhases = (
				2134DB7E1F29EFB2007B96AE /* Sources */,
				2134DB7F1F29EFB2007B96AE /* Frameworks */,
				2134DB801F29EFB2007B96AE /* Resources */,
			);
			buildRules = (
			);
			dependencies = (
			);
			name = CCModel;
			productName = CCModel;
			productReference = 2134DB821F29EFB2007B96AE /* CCModel.app */;
			productType = "com.apple.product-type.application";
		};
		2134DB9A1F29EFB2007B96AE /* CCModelTests */ = {
			isa = PBXNativeTarget;
			buildConfigurationList = 2134DBB21F29EFB3007B96AE /* Build configuration list for PBXNativeTarget "CCModelTests" */;
			buildPhases = (
				2134DB971F29EFB2007B96AE /* Sources */,
				2134DB981F29EFB2007B96AE /* Frameworks */,
				2134DB991F29EFB2007B96AE /* Resources */,
			);
			buildRules = (
			);
			dependencies = (
				2134DB9D1F29EFB2007B96AE /* PBXTargetDependency */,
			);
			name = CCModelTests;
			productName = CCModelTests;
			productReference = 2134DB9B1F29EFB2007B96AE /* CCModelTests.xctest */;
			productType = "com.apple.product-type.bundle.unit-test";
		};
		2134DBA51F29EFB2007B96AE /* CCModelUITests */ = {
			isa = PBXNativeTarget;
			buildConfigurationList = 2134DBB51F29EFB3007B96AE /* Build configuration list for PBXNativeTarget "CCModelUITests" */;
			buildPhases = (
				2134DBA21F29EFB2007B96AE /* Sources */,
				2134DBA31F29EFB2007B96AE /* Frameworks */,
				2134DBA41F29EFB2007B96AE /* Resources */,
			);
			buildRules = (
			);
			dependencies = (
				2134DBA81F29EFB2007B96AE /* PBXTargetDependency */,
			);
			name = CCModelUITests;
			productName = CCModelUITests;
			productReference = 2134DBA61F29EFB2007B96AE /* CCModelUITests.xctest */;
			productType = "com.apple.product-type.bundle.ui-testing";
		};
/* End PBXNativeTarget section */

/* Begin PBXProject section */
		2134DB7A1F29EFB2007B96AE /* Project object */ = {
			isa = PBXProject;
			attributes = {
				LastUpgradeCheck = 0800;
				ORGANIZATIONNAME = "初程程";
				TargetAttributes = {
					2134DB811F29EFB2007B96AE = {
						CreatedOnToolsVersion = 8.0;
						ProvisioningStyle = Automatic;
					};
					2134DB9A1F29EFB2007B96AE = {
						CreatedOnToolsVersion = 8.0;
						ProvisioningStyle = Automatic;
						TestTargetID = 2134DB811F29EFB2007B96AE;
					};
					2134DBA51F29EFB2007B96AE = {
						CreatedOnToolsVersion = 8.0;
						ProvisioningStyle = Automatic;
						TestTargetID = 2134DB811F29EFB2007B96AE;
					};
				};
			};
			buildConfigurationList = 2134DB7D1F29EFB2007B96AE /* Build configuration list for PBXProject "CCModel" */;
			compatibilityVersion = "Xcode 3.2";
			developmentRegion = English;
			hasScannedForEncodings = 0;
			knownRegions = (
				en,
				Base,
			);
			mainGroup = 2134DB791F29EFB2007B96AE;
			productRefGroup = 2134DB831F29EFB2007B96AE /* Products */;
			projectDirPath = "";
			projectRoot = "";
			targets = (
				2134DB811F29EFB2007B96AE /* CCModel */,
				2134DB9A1F29EFB2007B96AE /* CCModelTests */,
				2134DBA51F29EFB2007B96AE /* CCModelUITests */,
			);
		};
/* End PBXProject section */

/* Begin PBXResourcesBuildPhase section */
		2134DB801F29EFB2007B96AE /* Resources */ = {
			isa = PBXResourcesBuildPhase;
			buildActionMask = 2147483647;
			files = (
				2134DB951F29EFB2007B96AE /* LaunchScreen.storyboard in Resources */,
				2134DB921F29EFB2007B96AE /* Assets.xcassets in Resources */,
				2134DB901F29EFB2007B96AE /* Main.storyboard in Resources */,
			);
			runOnlyForDeploymentPostprocessing = 0;
		};
		2134DB991F29EFB2007B96AE /* Resources */ = {
			isa = PBXResourcesBuildPhase;
			buildActionMask = 2147483647;
			files = (
			);
			runOnlyForDeploymentPostprocessing = 0;
		};
		2134DBA41F29EFB2007B96AE /* Resources */ = {
			isa = PBXResourcesBuildPhase;
			buildActionMask = 2147483647;
			files = (
			);
			runOnlyForDeploymentPostprocessing = 0;
		};
/* End PBXResourcesBuildPhase section */

/* Begin PBXSourcesBuildPhase section */
		2134DB7E1F29EFB2007B96AE /* Sources */ = {
			isa = PBXSourcesBuildPhase;
			buildActionMask = 2147483647;
			files = (
				2146E1691F57BD570000E736 /* Dog.m in Sources */,
				2134DB8D1F29EFB2007B96AE /* ViewController.m in Sources */,
				2134DB8A1F29EFB2007B96AE /* AppDelegate.m in Sources */,
				2146E1661F57BCEB0000E736 /* Person.m in Sources */,
				2134DB871F29EFB2007B96AE /* main.m in Sources */,
				211183CD1F2A2C36005E1384 /* NSObject+CCModel.m in Sources */,
			);
			runOnlyForDeploymentPostprocessing = 0;
		};
		2134DB971F29EFB2007B96AE /* Sources */ = {
			isa = PBXSourcesBuildPhase;
			buildActionMask = 2147483647;
			files = (
				2134DBA01F29EFB2007B96AE /* CCModelTests.m in Sources */,
			);
			runOnlyForDeploymentPostprocessing = 0;
		};
		2134DBA21F29EFB2007B96AE /* Sources */ = {
			isa = PBXSourcesBuildPhase;
			buildActionMask = 2147483647;
			files = (
				2134DBAB1F29EFB3007B96AE /* CCModelUITests.m in Sources */,
			);
			runOnlyForDeploymentPostprocessing = 0;
		};
/* End PBXSourcesBuildPhase section */

/* Begin PBXTargetDependency section */
		2134DB9D1F29EFB2007B96AE /* PBXTargetDependency */ = {
			isa = PBXTargetDependency;
			target = 2134DB811F29EFB2007B96AE /* CCModel */;
			targetProxy = 2134DB9C1F29EFB2007B96AE /* PBXContainerItemProxy */;
		};
		2134DBA81F29EFB2007B96AE /* PBXTargetDependency */ = {
			isa = PBXTargetDependency;
			target = 2134DB811F29EFB2007B96AE /* CCModel */;
			targetProxy = 2134DBA71F29EFB2007B96AE /* PBXContainerItemProxy */;
		};
/* End PBXTargetDependency section */

/* Begin PBXVariantGroup section */
		2134DB8E1F29EFB2007B96AE /* Main.storyboard */ = {
			isa = PBXVariantGroup;
			children = (
				2134DB8F1F29EFB2007B96AE /* Base */,
			);
			name = Main.storyboard;
			sourceTree = "<group>";
		};
		2134DB931F29EFB2007B96AE /* LaunchScreen.storyboard */ = {
			isa = PBXVariantGroup;
			children = (
				2134DB941F29EFB2007B96AE /* Base */,
			);
			name = LaunchScreen.storyboard;
			sourceTree = "<group>";
		};
/* End PBXVariantGroup section */

/* Begin XCBuildConfiguration section */
		2134DBAD1F29EFB3007B96AE /* Debug */ = {
			isa = XCBuildConfiguration;
			buildSettings = {
				ALWAYS_SEARCH_USER_PATHS = NO;
				CLANG_ANALYZER_NONNULL = YES;
				CLANG_CXX_LANGUAGE_STANDARD = "gnu++0x";
				CLANG_CXX_LIBRARY = "libc++";
				CLANG_ENABLE_MODULES = YES;
				CLANG_ENABLE_OBJC_ARC = YES;
				CLANG_WARN_BOOL_CONVERSION = YES;
				CLANG_WARN_CONSTANT_CONVERSION = YES;
				CLANG_WARN_DIRECT_OBJC_ISA_USAGE = YES_ERROR;
				CLANG_WARN_DOCUMENTATION_COMMENTS = YES;
				CLANG_WARN_EMPTY_BODY = YES;
				CLANG_WARN_ENUM_CONVERSION = YES;
				CLANG_WARN_INFINITE_RECURSION = YES;
				CLANG_WARN_INT_CONVERSION = YES;
				CLANG_WARN_OBJC_ROOT_CLASS = YES_ERROR;
				CLANG_WARN_SUSPICIOUS_MOVES = YES;
				CLANG_WARN_UNREACHABLE_CODE = YES;
				CLANG_WARN__DUPLICATE_METHOD_MATCH = YES;
				"CODE_SIGN_IDENTITY[sdk=iphoneos*]" = "iPhone Developer";
				COPY_PHASE_STRIP = NO;
				DEBUG_INFORMATION_FORMAT = dwarf;
				ENABLE_STRICT_OBJC_MSGSEND = YES;
				ENABLE_TESTABILITY = YES;
				GCC_C_LANGUAGE_STANDARD = gnu99;
				GCC_DYNAMIC_NO_PIC = NO;
				GCC_NO_COMMON_BLOCKS = YES;
				GCC_OPTIMIZATION_LEVEL = 0;
				GCC_PREPROCESSOR_DEFINITIONS = (
					"DEBUG=1",
					"$(inherited)",
				);
				GCC_WARN_64_TO_32_BIT_CONVERSION = YES;
				GCC_WARN_ABOUT_RETURN_TYPE = YES_ERROR;
				GCC_WARN_UNDECLARED_SELECTOR = YES;
				GCC_WARN_UNINITIALIZED_AUTOS = YES_AGGRESSIVE;
				GCC_WARN_UNUSED_FUNCTION = YES;
				GCC_WARN_UNUSED_VARIABLE = YES;
				IPHONEOS_DEPLOYMENT_TARGET = 10.0;
				MTL_ENABLE_DEBUG_INFO = YES;
				ONLY_ACTIVE_ARCH = YES;
				SDKROOT = iphoneos;
				TARGETED_DEVICE_FAMILY = "1,2";
			};
			name = Debug;
		};
		2134DBAE1F29EFB3007B96AE /* Release */ = {
			isa = XCBuildConfiguration;
			buildSettings = {
				ALWAYS_SEARCH_USER_PATHS = NO;
				CLANG_ANALYZER_NONNULL = YES;
				CLANG_CXX_LANGUAGE_STANDARD = "gnu++0x";
				CLANG_CXX_LIBRARY = "libc++";
				CLANG_ENABLE_MODULES = YES;
				CLANG_ENABLE_OBJC_ARC = YES;
				CLANG_WARN_BOOL_CONVERSION = YES;
				CLANG_WARN_CONSTANT_CONVERSION = YES;
				CLANG_WARN_DIRECT_OBJC_ISA_USAGE = YES_ERROR;
				CLANG_WARN_DOCUMENTATION_COMMENTS = YES;
				CLANG_WARN_EMPTY_BODY = YES;
				CLANG_WARN_ENUM_CONVERSION = YES;
				CLANG_WARN_INFINITE_RECURSION = YES;
				CLANG_WARN_INT_CONVERSION = YES;
				CLANG_WARN_OBJC_ROOT_CLASS = YES_ERROR;
				CLANG_WARN_SUSPICIOUS_MOVES = YES;
				CLANG_WARN_UNREACHABLE_CODE = YES;
				CLANG_WARN__DUPLICATE_METHOD_MATCH = YES;
				"CODE_SIGN_IDENTITY[sdk=iphoneos*]" = "iPhone Developer";
				COPY_PHASE_STRIP = NO;
				DEBUG_INFORMATION_FORMAT = "dwarf-with-dsym";
				ENABLE_NS_ASSERTIONS = NO;
				ENABLE_STRICT_OBJC_MSGSEND = YES;
				GCC_C_LANGUAGE_STANDARD = gnu99;
				GCC_NO_COMMON_BLOCKS = YES;
				GCC_WARN_64_TO_32_BIT_CONVERSION = YES;
				GCC_WARN_ABOUT_RETURN_TYPE = YES_ERROR;
				GCC_WARN_UNDECLARED_SELECTOR = YES;
				GCC_WARN_UNINITIALIZED_AUTOS = YES_AGGRESSIVE;
				GCC_WARN_UNUSED_FUNCTION = YES;
				GCC_WARN_UNUSED_VARIABLE = YES;
				IPHONEOS_DEPLOYMENT_TARGET = 10.0;
				MTL_ENABLE_DEBUG_INFO = NO;
				SDKROOT = iphoneos;
				TARGETED_DEVICE_FAMILY = "1,2";
				VALIDATE_PRODUCT = YES;
			};
			name = Release;
		};
		2134DBB01F29EFB3007B96AE /* Debug */ = {
			isa = XCBuildConfiguration;
			buildSettings = {
				ASSETCATALOG_COMPILER_APPICON_NAME = AppIcon;
				INFOPLIST_FILE = CCModel/Info.plist;
				LD_RUNPATH_SEARCH_PATHS = "$(inherited) @executable_path/Frameworks";
				PRODUCT_BUNDLE_IDENTIFIER = ccc.CCModel;
				PRODUCT_NAME = "$(TARGET_NAME)";
			};
			name = Debug;
		};
		2134DBB11F29EFB3007B96AE /* Release */ = {
			isa = XCBuildConfiguration;
			buildSettings = {
				ASSETCATALOG_COMPILER_APPICON_NAME = AppIcon;
				INFOPLIST_FILE = CCModel/Info.plist;
				LD_RUNPATH_SEARCH_PATHS = "$(inherited) @executable_path/Frameworks";
				PRODUCT_BUNDLE_IDENTIFIER = ccc.CCModel;
				PRODUCT_NAME = "$(TARGET_NAME)";
			};
			name = Release;
		};
		2134DBB31F29EFB3007B96AE /* Debug */ = {
			isa = XCBuildConfiguration;
			buildSettings = {
				BUNDLE_LOADER = "$(TEST_HOST)";
				INFOPLIST_FILE = CCModelTests/Info.plist;
				LD_RUNPATH_SEARCH_PATHS = "$(inherited) @executable_path/Frameworks @loader_path/Frameworks";
				PRODUCT_BUNDLE_IDENTIFIER = ccc.CCModelTests;
				PRODUCT_NAME = "$(TARGET_NAME)";
				TEST_HOST = "$(BUILT_PRODUCTS_DIR)/CCModel.app/CCModel";
			};
			name = Debug;
		};
		2134DBB41F29EFB3007B96AE /* Release */ = {
			isa = XCBuildConfiguration;
			buildSettings = {
				BUNDLE_LOADER = "$(TEST_HOST)";
				INFOPLIST_FILE = CCModelTests/Info.plist;
				LD_RUNPATH_SEARCH_PATHS = "$(inherited) @executable_path/Frameworks @loader_path/Frameworks";
				PRODUCT_BUNDLE_IDENTIFIER = ccc.CCModelTests;
				PRODUCT_NAME = "$(TARGET_NAME)";
				TEST_HOST = "$(BUILT_PRODUCTS_DIR)/CCModel.app/CCModel";
			};
			name = Release;
		};
		2134DBB61F29EFB3007B96AE /* Debug */ = {
			isa = XCBuildConfiguration;
			buildSettings = {
				INFOPLIST_FILE = CCModelUITests/Info.plist;
				LD_RUNPATH_SEARCH_PATHS = "$(inherited) @executable_path/Frameworks @loader_path/Frameworks";
				PRODUCT_BUNDLE_IDENTIFIER = ccc.CCModelUITests;
				PRODUCT_NAME = "$(TARGET_NAME)";
				TEST_TARGET_NAME = CCModel;
			};
			name = Debug;
		};
		2134DBB71F29EFB3007B96AE /* Release */ = {
			isa = XCBuildConfiguration;
			buildSettings = {
				INFOPLIST_FILE = CCModelUITests/Info.plist;
				LD_RUNPATH_SEARCH_PATHS = "$(inherited) @executable_path/Frameworks @loader_path/Frameworks";
				PRODUCT_BUNDLE_IDENTIFIER = ccc.CCModelUITests;
				PRODUCT_NAME = "$(TARGET_NAME)";
				TEST_TARGET_NAME = CCModel;
			};
			name = Release;
		};
/* End XCBuildConfiguration section */

/* Begin XCConfigurationList section */
		2134DB7D1F29EFB2007B96AE /* Build configuration list for PBXProject "CCModel" */ = {
			isa = XCConfigurationList;
			buildConfigurations = (
				2134DBAD1F29EFB3007B96AE /* Debug */,
				2134DBAE1F29EFB3007B96AE /* Release */,
			);
			defaultConfigurationIsVisible = 0;
			defaultConfigurationName = Release;
		};
		2134DBAF1F29EFB3007B96AE /* Build configuration list for PBXNativeTarget "CCModel" */ = {
			isa = XCConfigurationList;
			buildConfigurations = (
				2134DBB01F29EFB3007B96AE /* Debug */,
				2134DBB11F29EFB3007B96AE /* Release */,
			);
			defaultConfigurationIsVisible = 0;
			defaultConfigurationName = Release;
		};
		2134DBB21F29EFB3007B96AE /* Build configuration list for PBXNativeTarget "CCModelTests" */ = {
			isa = XCConfigurationList;
			buildConfigurations = (
				2134DBB31F29EFB3007B96AE /* Debug */,
				2134DBB41F29EFB3007B96AE /* Release */,
			);
			defaultConfigurationIsVisible = 0;
			defaultConfigurationName = Release;
		};
		2134DBB51F29EFB3007B96AE /* Build configuration list for PBXNativeTarget "CCModelUITests" */ = {
			isa = XCConfigurationList;
			buildConfigurations = (
				2134DBB61F29EFB3007B96AE /* Debug */,
				2134DBB71F29EFB3007B96AE /* Release */,
			);
			defaultConfigurationIsVisible = 0;
			defaultConfigurationName = Release;
		};
/* End XCConfigurationList section */
	};
	rootObject = 2134DB7A1F29EFB2007B96AE /* Project object */;
}
